
Microsoft Visual Studio Solution File, Format Version 12.00
# Visual Studio 15
VisualStudioVersion = 15.0.27428.2027
MinimumVisualStudioVersion = 10.0.40219.1
Project("{FAE04EC0-301F-11D3-BF4B-00C04F79EFBC}") = "MoneyLender", "MoneyLender\MoneyLender.csproj", "{A2CFB742-B403-4E89-956B-2292A7B51C62}"
EndProject
Project("{FAE04EC0-301F-11D3-BF4B-00C04F79EFBC}") = "MoneyLenderTest", "MoneyLenderTest\MoneyLenderTest.csproj", "{CFB38A37-541F-448B-8BA8-CBC73DE655CC}"
EndProject
Global
	GlobalSection(SolutionConfigurationPlatforms) = preSolution
		Debug|Any CPU = Debug|Any CPU
		Release|Any CPU = Release|Any CPU
	EndGlobalSection
	GlobalSection(ProjectConfigurationPlatforms) = postSolution
		{A2CFB742-B403-4E89-956B-2292A7B51C62}.Debug|Any CPU.ActiveCfg = Debug|Any CPU
		{A2CFB742-B403-4E89-956B-2292A7B51C62}.Debug|Any CPU.Build.0 = Debug|Any CPU
		{A2CFB742-B403-4E89-956B-2292A7B51C62}.Release|Any CPU.ActiveCfg = Release|Any CPU
		{A2CFB742-B403-4E89-956B-2292A7B51C62}.Release|Any CPU.Build.0 = Release|Any CPU
		{CFB38A37-541F-448B-8BA8-CBC73DE655CC}.Debug|Any CPU.ActiveCfg = Debug|Any CPU
		{CFB38A37-541F-448B-8BA8-CBC73DE655CC}.Debug|Any CPU.Build.0 = Debug|Any CPU
		{CFB38A37-541F-448B-8BA8-CBC73DE655CC}.Release|Any CPU.ActiveCfg = Release|Any CPU
		{CFB38A37-541F-448B-8BA8-CBC73DE655CC}.Release|Any CPU.Build.0 = Release|Any CPU
	EndGlobalSection
	GlobalSection(SolutionProperties) = preSolution
		HideSolutionNode = FALSE
	EndGlobalSection
	GlobalSection(ExtensibilityGlobals) = postSolution
		SolutionGuid = {49D44AA5-4DA5-48CE-B737-EE6EC52AEEA1}
	EndGlobalSection
EndGlobal
